
Microsoft Visual Studio Solution File, Format Version 12.00
# Visual Studio 2012
Project("{8BC9CEB8-8B4A-11D0-8D11-00A0C91BC942}") = "推箱子", "推箱子\推箱子.vcxproj", "{E38967DC-9788-4A79-AACC-A4AF4CE94EEE}"
EndProject
Global
	GlobalSection(SolutionConfigurationPlatforms) = preSolution
		Debug|Win32 = Debug|Win32
		Release|Win32 = Release|Win32
	EndGlobalSection
	GlobalSection(ProjectConfigurationPlatforms) = postSolution
		{E38967DC-9788-4A79-AACC-A4AF4CE94EEE}.Debug|Win32.ActiveCfg = Debug|Win32
		{E38967DC-9788-4A79-AACC-A4AF4CE94EEE}.Debug|Win32.Build.0 = Debug|Win32
		{E38967DC-9788-4A79-AACC-A4AF4CE94EEE}.Release|Win32.ActiveCfg = Release|Win32
		{E38967DC-9788-4A79-AACC-A4AF4CE94EEE}.Release|Win32.Build.0 = Release|Win32
	EndGlobalSection
	GlobalSection(SolutionProperties) = preSolution
		HideSolutionNode = FALSE
	EndGlobalSection
EndGlobal
